
Microsoft Visual Studio Solution File, Format Version 12.00
# Visual Studio Version 16
VisualStudioVersion = 16.0.31112.23
MinimumVisualStudioVersion = 10.0.40219.1
Project("{FAE04EC0-301F-11D3-BF4B-00C04F79EFBC}") = "WebApiRestCustomValidation", "WebApiRestCustomValidation\WebApiRestCustomValidation.csproj", "{573B0435-6BAD-4461-A32F-BE717EDBEE4A}"
EndProject
Global
	GlobalSection(SolutionConfigurationPlatforms) = preSolution
		Debug|Any CPU = Debug|Any CPU
		Release|Any CPU = Release|Any CPU
	EndGlobalSection
	GlobalSection(ProjectConfigurationPlatforms) = postSolution
		{573B0435-6BAD-4461-A32F-BE717EDBEE4A}.Debug|Any CPU.ActiveCfg = Debug|Any CPU
		{573B0435-6BAD-4461-A32F-BE717EDBEE4A}.Debug|Any CPU.Build.0 = Debug|Any CPU
		{573B0435-6BAD-4461-A32F-BE717EDBEE4A}.Release|Any CPU.ActiveCfg = Release|Any CPU
		{573B0435-6BAD-4461-A32F-BE717EDBEE4A}.Release|Any CPU.Build.0 = Release|Any CPU
	EndGlobalSection
	GlobalSection(SolutionProperties) = preSolution
		HideSolutionNode = FALSE
	EndGlobalSection
	GlobalSection(ExtensibilityGlobals) = postSolution
		SolutionGuid = {7E2262D1-8228-41AF-90CB-6BDDF2C0CF2C}
	EndGlobalSection
EndGlobal
